
Microsoft Visual Studio Solution File, Format Version 12.00
# Visual Studio Version 16
VisualStudioVersion = 16.0.31105.61
MinimumVisualStudioVersion = 10.0.40219.1
Project("{FAE04EC0-301F-11D3-BF4B-00C04F79EFBC}") = "CLI Temple", "CLI Temple\CLI Temple.csproj", "{B1A193F3-218D-4F86-9538-E49150E3C608}"
EndProject
Global
	GlobalSection(SolutionConfigurationPlatforms) = preSolution
		Debug|Any CPU = Debug|Any CPU
		Release|Any CPU = Release|Any CPU
	EndGlobalSection
	GlobalSection(ProjectConfigurationPlatforms) = postSolution
		{B1A193F3-218D-4F86-9538-E49150E3C608}.Debug|Any CPU.ActiveCfg = Debug|Any CPU
		{B1A193F3-218D-4F86-9538-E49150E3C608}.Debug|Any CPU.Build.0 = Debug|Any CPU
		{B1A193F3-218D-4F86-9538-E49150E3C608}.Release|Any CPU.ActiveCfg = Release|Any CPU
		{B1A193F3-218D-4F86-9538-E49150E3C608}.Release|Any CPU.Build.0 = Release|Any CPU
	EndGlobalSection
	GlobalSection(SolutionProperties) = preSolution
		HideSolutionNode = FALSE
	EndGlobalSection
	GlobalSection(ExtensibilityGlobals) = postSolution
		SolutionGuid = {6C293D05-7391-4E6C-9E5C-EC635A379CD9}
	EndGlobalSection
EndGlobal
